// !$*UTF8*$!
{
	archiveVersion = 1;
	classes = {
	};
	objectVersion = 46;
	objects = {

/* Begin PBXBuildFile section */
		D28377371B44047100CE3F71 /* HZIndicatorView.m in Sources */ = {isa = PBXBuildFile; fileRef = D28377301B44047100CE3F71 /* HZIndicatorView.m */; };
		D28377381B44047100CE3F71 /* HZPhotoBrowser.m in Sources */ = {isa = PBXBuildFile; fileRef = D28377321B44047100CE3F71 /* HZPhotoBrowser.m */; };
		D28377391B44047100CE3F71 /* HZPhotoBrowserView.m in Sources */ = {isa = PBXBuildFile; fileRef = D28377351B44047100CE3F71 /* HZPhotoBrowserView.m */; };
		D283773A1B44047100CE3F71 /* whiteplaceholder.png in Resources */ = {isa = PBXBuildFile; fileRef = D28377361B44047100CE3F71 /* whiteplaceholder.png */; };
		D283778F1B440DD700CE3F71 /* MKAnnotationView+WebCache.m in Sources */ = {isa = PBXBuildFile; fileRef = D283776F1B440DD700CE3F71 /* MKAnnotationView+WebCache.m */; };
		D28377901B440DD700CE3F71 /* NSData+ImageContentType.m in Sources */ = {isa = PBXBuildFile; fileRef = D28377711B440DD700CE3F71 /* NSData+ImageContentType.m */; };
		D28377911B440DD800CE3F71 /* SDImageCache.m in Sources */ = {isa = PBXBuildFile; fileRef = D28377731B440DD700CE3F71 /* SDImageCache.m */; };
		D28377921B440DD800CE3F71 /* SDWebImageCompat.m in Sources */ = {isa = PBXBuildFile; fileRef = D28377751B440DD700CE3F71 /* SDWebImageCompat.m */; };
		D28377931B440DD800CE3F71 /* SDWebImageDecoder.m in Sources */ = {isa = PBXBuildFile; fileRef = D28377771B440DD700CE3F71 /* SDWebImageDecoder.m */; };
		D28377941B440DD800CE3F71 /* SDWebImageDownloader.m in Sources */ = {isa = PBXBuildFile; fileRef = D28377791B440DD700CE3F71 /* SDWebImageDownloader.m */; };
		D28377951B440DD800CE3F71 /* SDWebImageDownloaderOperation.m in Sources */ = {isa = PBXBuildFile; fileRef = D283777B1B440DD700CE3F71 /* SDWebImageDownloaderOperation.m */; };
		D28377961B440DD800CE3F71 /* SDWebImageManager.m in Sources */ = {isa = PBXBuildFile; fileRef = D283777D1B440DD700CE3F71 /* SDWebImageManager.m */; };
		D28377971B440DD800CE3F71 /* SDWebImagePrefetcher.m in Sources */ = {isa = PBXBuildFile; fileRef = D28377801B440DD700CE3F71 /* SDWebImagePrefetcher.m */; };
		D28377981B440DD800CE3F71 /* UIButton+WebCache.m in Sources */ = {isa = PBXBuildFile; fileRef = D28377821B440DD700CE3F71 /* UIButton+WebCache.m */; };
		D28377991B440DD800CE3F71 /* UIImage+GIF.m in Sources */ = {isa = PBXBuildFile; fileRef = D28377841B440DD700CE3F71 /* UIImage+GIF.m */; };
		D283779A1B440DD800CE3F71 /* UIImage+MultiFormat.m in Sources */ = {isa = PBXBuildFile; fileRef = D28377861B440DD700CE3F71 /* UIImage+MultiFormat.m */; };
		D283779B1B440DD800CE3F71 /* UIImage+WebP.m in Sources */ = {isa = PBXBuildFile; fileRef = D28377881B440DD700CE3F71 /* UIImage+WebP.m */; };
		D283779C1B440DD800CE3F71 /* UIImageView+HighlightedWebCache.m in Sources */ = {isa = PBXBuildFile; fileRef = D283778A1B440DD700CE3F71 /* UIImageView+HighlightedWebCache.m */; };
		D283779D1B440DD800CE3F71 /* UIImageView+WebCache.m in Sources */ = {isa = PBXBuildFile; fileRef = D283778C1B440DD700CE3F71 /* UIImageView+WebCache.m */; };
		D283779E1B440DD800CE3F71 /* UIView+WebCacheOperation.m in Sources */ = {isa = PBXBuildFile; fileRef = D283778E1B440DD700CE3F71 /* UIView+WebCacheOperation.m */; };
		D28F89681B3146E4009E61A0 /* AFHTTPClient.m in Sources */ = {isa = PBXBuildFile; fileRef = D28F89561B3146E4009E61A0 /* AFHTTPClient.m */; };
		D28F89691B3146E4009E61A0 /* AFHTTPRequestOperation.m in Sources */ = {isa = PBXBuildFile; fileRef = D28F89581B3146E4009E61A0 /* AFHTTPRequestOperation.m */; };
		D28F896A1B3146E4009E61A0 /* AFImageRequestOperation.m in Sources */ = {isa = PBXBuildFile; fileRef = D28F895A1B3146E4009E61A0 /* AFImageRequestOperation.m */; };
		D28F896B1B3146E4009E61A0 /* AFJSONRequestOperation.m in Sources */ = {isa = PBXBuildFile; fileRef = D28F895C1B3146E4009E61A0 /* AFJSONRequestOperation.m */; };
		D28F896C1B3146E4009E61A0 /* AFNetworkActivityIndicatorManager.m in Sources */ = {isa = PBXBuildFile; fileRef = D28F895E1B3146E4009E61A0 /* AFNetworkActivityIndicatorManager.m */; };
		D28F896D1B3146E4009E61A0 /* AFPropertyListRequestOperation.m in Sources */ = {isa = PBXBuildFile; fileRef = D28F89611B3146E4009E61A0 /* AFPropertyListRequestOperation.m */; };
		D28F896E1B3146E4009E61A0 /* AFURLConnectionOperation.m in Sources */ = {isa = PBXBuildFile; fileRef = D28F89631B3146E4009E61A0 /* AFURLConnectionOperation.m */; };
		D28F896F1B3146E4009E61A0 /* AFXMLRequestOperation.m in Sources */ = {isa = PBXBuildFile; fileRef = D28F89651B3146E4009E61A0 /* AFXMLRequestOperation.m */; };
		D28F89701B3146E4009E61A0 /* UIImageView+AFNetworking.m in Sources */ = {isa = PBXBuildFile; fileRef = D28F89671B3146E4009E61A0 /* UIImageView+AFNetworking.m */; };
		D28F897C1B3146F4009E61A0 /* NSData+MD5Digest.m in Sources */ = {isa = PBXBuildFile; fileRef = D28F89731B3146F4009E61A0 /* NSData+MD5Digest.m */; };
		D28F897D1B3146F4009E61A0 /* NSString+Base64Encode.m in Sources */ = {isa = PBXBuildFile; fileRef = D28F89751B3146F4009E61A0 /* NSString+Base64Encode.m */; };
		D28F897E1B3146F4009E61A0 /* NSString+NSHash.m in Sources */ = {isa = PBXBuildFile; fileRef = D28F89771B3146F4009E61A0 /* NSString+NSHash.m */; };
		D28F897F1B3146F4009E61A0 /* UMUUploaderManager.m in Sources */ = {isa = PBXBuildFile; fileRef = D28F89791B3146F4009E61A0 /* UMUUploaderManager.m */; };
		D28F89801B3146F4009E61A0 /* UMUUploaderOperation.m in Sources */ = {isa = PBXBuildFile; fileRef = D28F897B1B3146F4009E61A0 /* UMUUploaderOperation.m */; };
		D28F89821B314768009E61A0 /* 1.jpeg in Resources */ = {isa = PBXBuildFile; fileRef = D28F89811B314768009E61A0 /* 1.jpeg */; };
		D29ACD441B22E5C500C4266E /* main.m in Sources */ = {isa = PBXBuildFile; fileRef = D29ACD431B22E5C500C4266E /* main.m */; };
		D29ACD471B22E5C500C4266E /* AppDelegate.m in Sources */ = {isa = PBXBuildFile; fileRef = D29ACD461B22E5C500C4266E /* AppDelegate.m */; };
		D29ACD4A1B22E5C500C4266E /* ViewController.m in Sources */ = {isa = PBXBuildFile; fileRef = D29ACD491B22E5C500C4266E /* ViewController.m */; };
		D29ACD4D1B22E5C500C4266E /* Main.storyboard in Resources */ = {isa = PBXBuildFile; fileRef = D29ACD4B1B22E5C500C4266E /* Main.storyboard */; };
		D29ACD4F1B22E5C500C4266E /* Images.xcassets in Resources */ = {isa = PBXBuildFile; fileRef = D29ACD4E1B22E5C500C4266E /* Images.xcassets */; };
		D29ACD521B22E5C500C4266E /* LaunchScreen.xib in Resources */ = {isa = PBXBuildFile; fileRef = D29ACD501B22E5C500C4266E /* LaunchScreen.xib */; };
		D29ACD5E1B22E5C500C4266E /* TestTests.m in Sources */ = {isa = PBXBuildFile; fileRef = D29ACD5D1B22E5C500C4266E /* TestTests.m */; };
		D29ACD691B22E5E900C4266E /* TestViewController.m in Sources */ = {isa = PBXBuildFile; fileRef = D29ACD681B22E5E900C4266E /* TestViewController.m */; };
		D2AB8F741B4244140075A61D /* parenting_content_table.xml in Resources */ = {isa = PBXBuildFile; fileRef = D2AB8F731B4244140075A61D /* parenting_content_table.xml */; };
/* End PBXBuildFile section */

/* Begin PBXContainerItemProxy section */
		D29ACD581B22E5C500C4266E /* PBXContainerItemProxy */ = {
			isa = PBXContainerItemProxy;
			containerPortal = D29ACD361B22E5C500C4266E /* Project object */;
			proxyType = 1;
			remoteGlobalIDString = D29ACD3D1B22E5C500C4266E;
			remoteInfo = Test;
		};
/* End PBXContainerItemProxy section */

/* Begin PBXFileReference section */
		D283772F1B44047100CE3F71 /* HZIndicatorView.h */ = {isa = PBXFileReference; fileEncoding = 4; lastKnownFileType = sourcecode.c.h; path = HZIndicatorView.h; sourceTree = "<group>"; };
		D28377301B44047100CE3F71 /* HZIndicatorView.m */ = {isa = PBXFileReference; fileEncoding = 4; lastKnownFileType = sourcecode.c.objc; path = HZIndicatorView.m; sourceTree = "<group>"; };
		D28377311B44047100CE3F71 /* HZPhotoBrowser.h */ = {isa = PBXFileReference; fileEncoding = 4; lastKnownFileType = sourcecode.c.h; path = HZPhotoBrowser.h; sourceTree = "<group>"; };
		D28377321B44047100CE3F71 /* HZPhotoBrowser.m */ = {isa = PBXFileReference; fileEncoding = 4; lastKnownFileType = sourcecode.c.objc; path = HZPhotoBrowser.m; sourceTree = "<group>"; };
		D28377331B44047100CE3F71 /* HZPhotoBrowserConfig.h */ = {isa = PBXFileReference; fileEncoding = 4; lastKnownFileType = sourcecode.c.h; path = HZPhotoBrowserConfig.h; sourceTree = "<group>"; };
		D28377341B44047100CE3F71 /* HZPhotoBrowserView.h */ = {isa = PBXFileReference; fileEncoding = 4; lastKnownFileType = sourcecode.c.h; path = HZPhotoBrowserView.h; sourceTree = "<group>"; };
		D28377351B44047100CE3F71 /* HZPhotoBrowserView.m */ = {isa = PBXFileReference; fileEncoding = 4; lastKnownFileType = sourcecode.c.objc; path = HZPhotoBrowserView.m; sourceTree = "<group>"; };
		D28377361B44047100CE3F71 /* whiteplaceholder.png */ = {isa = PBXFileReference; lastKnownFileType = image.png; path = whiteplaceholder.png; sourceTree = "<group>"; };
		D283776E1B440DD700CE3F71 /* MKAnnotationView+WebCache.h */ = {isa = PBXFileReference; fileEncoding = 4; lastKnownFileType = sourcecode.c.h; path = "MKAnnotationView+WebCache.h"; sourceTree = "<group>"; };
		D283776F1B440DD700CE3F71 /* MKAnnotationView+WebCache.m */ = {isa = PBXFileReference; fileEncoding = 4; lastKnownFileType = sourcecode.c.objc; path = "MKAnnotationView+WebCache.m"; sourceTree = "<group>"; };
		D28377701B440DD700CE3F71 /* NSData+ImageContentType.h */ = {isa = PBXFileReference; fileEncoding = 4; lastKnownFileType = sourcecode.c.h; path = "NSData+ImageContentType.h"; sourceTree = "<group>"; };
		D28377711B440DD700CE3F71 /* NSData+ImageContentType.m */ = {isa = PBXFileReference; fileEncoding = 4; lastKnownFileType = sourcecode.c.objc; path = "NSData+ImageContentType.m"; sourceTree = "<group>"; };
		D28377721B440DD700CE3F71 /* SDImageCache.h */ = {isa = PBXFileReference; fileEncoding = 4; lastKnownFileType = sourcecode.c.h; path = SDImageCache.h; sourceTree = "<group>"; };
		D28377731B440DD700CE3F71 /* SDImageCache.m */ = {isa = PBXFileReference; fileEncoding = 4; lastKnownFileType = sourcecode.c.objc; path = SDImageCache.m; sourceTree = "<group>"; };
		D28377741B440DD700CE3F71 /* SDWebImageCompat.h */ = {isa = PBXFileReference; fileEncoding = 4; lastKnownFileType = sourcecode.c.h; path = SDWebImageCompat.h; sourceTree = "<group>"; };
		D28377751B440DD700CE3F71 /* SDWebImageCompat.m */ = {isa = PBXFileReference; fileEncoding = 4; lastKnownFileType = sourcecode.c.objc; path = SDWebImageCompat.m; sourceTree = "<group>"; };
		D28377761B440DD700CE3F71 /* SDWebImageDecoder.h */ = {isa = PBXFileReference; fileEncoding = 4; lastKnownFileType = sourcecode.c.h; path = SDWebImageDecoder.h; sourceTree = "<group>"; };
		D28377771B440DD700CE3F71 /* SDWebImageDecoder.m */ = {isa = PBXFileReference; fileEncoding = 4; lastKnownFileType = sourcecode.c.objc; path = SDWebImageDecoder.m; sourceTree = "<group>"; };
		D28377781B440DD700CE3F71 /* SDWebImageDownloader.h */ = {isa = PBXFileReference; fileEncoding = 4; lastKnownFileType = sourcecode.c.h; path = SDWebImageDownloader.h; sourceTree = "<group>"; };
		D28377791B440DD700CE3F71 /* SDWebImageDownloader.m */ = {isa = PBXFileReference; fileEncoding = 4; lastKnownFileType = sourcecode.c.objc; path = SDWebImageDownloader.m; sourceTree = "<group>"; };
		D283777A1B440DD700CE3F71 /* SDWebImageDownloaderOperation.h */ = {isa = PBXFileReference; fileEncoding = 4; lastKnownFileType = sourcecode.c.h; path = SDWebImageDownloaderOperation.h; sourceTree = "<group>"; };
		D283777B1B440DD700CE3F71 /* SDWebImageDownloaderOperation.m */ = {isa = PBXFileReference; fileEncoding = 4; lastKnownFileType = sourcecode.c.objc; path = SDWebImageDownloaderOperation.m; sourceTree = "<group>"; };
		D283777C1B440DD700CE3F71 /* SDWebImageManager.h */ = {isa = PBXFileReference; fileEncoding = 4; lastKnownFileType = sourcecode.c.h; path = SDWebImageManager.h; sourceTree = "<group>"; };
		D283777D1B440DD700CE3F71 /* SDWebImageManager.m */ = {isa = PBXFileReference; fileEncoding = 4; lastKnownFileType = sourcecode.c.objc; path = SDWebImageManager.m; sourceTree = "<group>"; };
		D283777E1B440DD700CE3F71 /* SDWebImageOperation.h */ = {isa = PBXFileReference; fileEncoding = 4; lastKnownFileType = sourcecode.c.h; path = SDWebImageOperation.h; sourceTree = "<group>"; };
		D283777F1B440DD700CE3F71 /* SDWebImagePrefetcher.h */ = {isa = PBXFileReference; fileEncoding = 4; lastKnownFileType = sourcecode.c.h; path = SDWebImagePrefetcher.h; sourceTree = "<group>"; };
		D28377801B440DD700CE3F71 /* SDWebImagePrefetcher.m */ = {isa = PBXFileReference; fileEncoding = 4; lastKnownFileType = sourcecode.c.objc; path = SDWebImagePrefetcher.m; sourceTree = "<group>"; };
		D28377811B440DD700CE3F71 /* UIButton+WebCache.h */ = {isa = PBXFileReference; fileEncoding = 4; lastKnownFileType = sourcecode.c.h; path = "UIButton+WebCache.h"; sourceTree = "<group>"; };
		D28377821B440DD700CE3F71 /* UIButton+WebCache.m */ = {isa = PBXFileReference; fileEncoding = 4; lastKnownFileType = sourcecode.c.objc; path = "UIButton+WebCache.m"; sourceTree = "<group>"; };
		D28377831B440DD700CE3F71 /* UIImage+GIF.h */ = {isa = PBXFileReference; fileEncoding = 4; lastKnownFileType = sourcecode.c.h; path = "UIImage+GIF.h"; sourceTree = "<group>"; };
		D28377841B440DD700CE3F71 /* UIImage+GIF.m */ = {isa = PBXFileReference; fileEncoding = 4; lastKnownFileType = sourcecode.c.objc; path = "UIImage+GIF.m"; sourceTree = "<group>"; };
		D28377851B440DD700CE3F71 /* UIImage+MultiFormat.h */ = {isa = PBXFileReference; fileEncoding = 4; lastKnownFileType = sourcecode.c.h; path = "UIImage+MultiFormat.h"; sourceTree = "<group>"; };
		D28377861B440DD700CE3F71 /* UIImage+MultiFormat.m */ = {isa = PBXFileReference; fileEncoding = 4; lastKnownFileType = sourcecode.c.objc; path = "UIImage+MultiFormat.m"; sourceTree = "<group>"; };
		D28377871B440DD700CE3F71 /* UIImage+WebP.h */ = {isa = PBXFileReference; fileEncoding = 4; lastKnownFileType = sourcecode.c.h; path = "UIImage+WebP.h"; sourceTree = "<group>"; };
		D28377881B440DD700CE3F71 /* UIImage+WebP.m */ = {isa = PBXFileReference; fileEncoding = 4; lastKnownFileType = sourcecode.c.objc; path = "UIImage+WebP.m"; sourceTree = "<group>"; };
		D28377891B440DD700CE3F71 /* UIImageView+HighlightedWebCache.h */ = {isa = PBXFileReference; fileEncoding = 4; lastKnownFileType = sourcecode.c.h; path = "UIImageView+HighlightedWebCache.h"; sourceTree = "<group>"; };
		D283778A1B440DD700CE3F71 /* UIImageView+HighlightedWebCache.m */ = {isa = PBXFileReference; fileEncoding = 4; lastKnownFileType = sourcecode.c.objc; path = "UIImageView+HighlightedWebCache.m"; sourceTree = "<group>"; };
		D283778B1B440DD700CE3F71 /* UIImageView+WebCache.h */ = {isa = PBXFileReference; fileEncoding = 4; lastKnownFileType = sourcecode.c.h; path = "UIImageView+WebCache.h"; sourceTree = "<group>"; };
		D283778C1B440DD700CE3F71 /* UIImageView+WebCache.m */ = {isa = PBXFileReference; fileEncoding = 4; lastKnownFileType = sourcecode.c.objc; path = "UIImageView+WebCache.m"; sourceTree = "<group>"; };
		D283778D1B440DD700CE3F71 /* UIView+WebCacheOperation.h */ = {isa = PBXFileReference; fileEncoding = 4; lastKnownFileType = sourcecode.c.h; path = "UIView+WebCacheOperation.h"; sourceTree = "<group>"; };
		D283778E1B440DD700CE3F71 /* UIView+WebCacheOperation.m */ = {isa = PBXFileReference; fileEncoding = 4; lastKnownFileType = sourcecode.c.objc; path = "UIView+WebCacheOperation.m"; sourceTree = "<group>"; };
		D28F89551B3146E4009E61A0 /* AFHTTPClient.h */ = {isa = PBXFileReference; fileEncoding = 4; lastKnownFileType = sourcecode.c.h; path = AFHTTPClient.h; sourceTree = "<group>"; };
		D28F89561B3146E4009E61A0 /* AFHTTPClient.m */ = {isa = PBXFileReference; fileEncoding = 4; lastKnownFileType = sourcecode.c.objc; path = AFHTTPClient.m; sourceTree = "<group>"; };
		D28F89571B3146E4009E61A0 /* AFHTTPRequestOperation.h */ = {isa = PBXFileReference; fileEncoding = 4; lastKnownFileType = sourcecode.c.h; path = AFHTTPRequestOperation.h; sourceTree = "<group>"; };
		D28F89581B3146E4009E61A0 /* AFHTTPRequestOperation.m */ = {isa = PBXFileReference; fileEncoding = 4; lastKnownFileType = sourcecode.c.objc; path = AFHTTPRequestOperation.m; sourceTree = "<group>"; };
		D28F89591B3146E4009E61A0 /* AFImageRequestOperation.h */ = {isa = PBXFileReference; fileEncoding = 4; lastKnownFileType = sourcecode.c.h; path = AFImageRequestOperation.h; sourceTree = "<group>"; };
		D28F895A1B3146E4009E61A0 /* AFImageRequestOperation.m */ = {isa = PBXFileReference; fileEncoding = 4; lastKnownFileType = sourcecode.c.objc; path = AFImageRequestOperation.m; sourceTree = "<group>"; };
		D28F895B1B3146E4009E61A0 /* AFJSONRequestOperation.h */ = {isa = PBXFileReference; fileEncoding = 4; lastKnownFileType = sourcecode.c.h; path = AFJSONRequestOperation.h; sourceTree = "<group>"; };
		D28F895C1B3146E4009E61A0 /* AFJSONRequestOperation.m */ = {isa = PBXFileReference; fileEncoding = 4; lastKnownFileType = sourcecode.c.objc; path = AFJSONRequestOperation.m; sourceTree = "<group>"; };
		D28F895D1B3146E4009E61A0 /* AFNetworkActivityIndicatorManager.h */ = {isa = PBXFileReference; fileEncoding = 4; lastKnownFileType = sourcecode.c.h; path = AFNetworkActivityIndicatorManager.h; sourceTree = "<group>"; };
		D28F895E1B3146E4009E61A0 /* AFNetworkActivityIndicatorManager.m */ = {isa = PBXFileReference; fileEncoding = 4; lastKnownFileType = sourcecode.c.objc; path = AFNetworkActivityIndicatorManager.m; sourceTree = "<group>"; };
		D28F895F1B3146E4009E61A0 /* AFNetworking.h */ = {isa = PBXFileReference; fileEncoding = 4; lastKnownFileType = sourcecode.c.h; path = AFNetworking.h; sourceTree = "<group>"; };
		D28F89601B3146E4009E61A0 /* AFPropertyListRequestOperation.h */ = {isa = PBXFileReference; fileEncoding = 4; lastKnownFileType = sourcecode.c.h; path = AFPropertyListRequestOperation.h; sourceTree = "<group>"; };
		D28F89611B3146E4009E61A0 /* AFPropertyListRequestOperation.m */ = {isa = PBXFileReference; fileEncoding = 4; lastKnownFileType = sourcecode.c.objc; path = AFPropertyListRequestOperation.m; sourceTree = "<group>"; };
		D28F89621B3146E4009E61A0 /* AFURLConnectionOperation.h */ = {isa = PBXFileReference; fileEncoding = 4; lastKnownFileType = sourcecode.c.h; path = AFURLConnectionOperation.h; sourceTree = "<group>"; };
		D28F89631B3146E4009E61A0 /* AFURLConnectionOperation.m */ = {isa = PBXFileReference; fileEncoding = 4; lastKnownFileType = sourcecode.c.objc; path = AFURLConnectionOperation.m; sourceTree = "<group>"; };
		D28F89641B3146E4009E61A0 /* AFXMLRequestOperation.h */ = {isa = PBXFileReference; fileEncoding = 4; lastKnownFileType = sourcecode.c.h; path = AFXMLRequestOperation.h; sourceTree = "<group>"; };
		D28F89651B3146E4009E61A0 /* AFXMLRequestOperation.m */ = {isa = PBXFileReference; fileEncoding = 4; lastKnownFileType = sourcecode.c.objc; path = AFXMLRequestOperation.m; sourceTree = "<group>"; };
		D28F89661B3146E4009E61A0 /* UIImageView+AFNetworking.h */ = {isa = PBXFileReference; fileEncoding = 4; lastKnownFileType = sourcecode.c.h; path = "UIImageView+AFNetworking.h"; sourceTree = "<group>"; };
		D28F89671B3146E4009E61A0 /* UIImageView+AFNetworking.m */ = {isa = PBXFileReference; fileEncoding = 4; lastKnownFileType = sourcecode.c.objc; path = "UIImageView+AFNetworking.m"; sourceTree = "<group>"; };
		D28F89721B3146F4009E61A0 /* NSData+MD5Digest.h */ = {isa = PBXFileReference; fileEncoding = 4; lastKnownFileType = sourcecode.c.h; path = "NSData+MD5Digest.h"; sourceTree = "<group>"; };
		D28F89731B3146F4009E61A0 /* NSData+MD5Digest.m */ = {isa = PBXFileReference; fileEncoding = 4; lastKnownFileType = sourcecode.c.objc; path = "NSData+MD5Digest.m"; sourceTree = "<group>"; };
		D28F89741B3146F4009E61A0 /* NSString+Base64Encode.h */ = {isa = PBXFileReference; fileEncoding = 4; lastKnownFileType = sourcecode.c.h; path = "NSString+Base64Encode.h"; sourceTree = "<group>"; };
		D28F89751B3146F4009E61A0 /* NSString+Base64Encode.m */ = {isa = PBXFileReference; fileEncoding = 4; lastKnownFileType = sourcecode.c.objc; path = "NSString+Base64Encode.m"; sourceTree = "<group>"; };
		D28F89761B3146F4009E61A0 /* NSString+NSHash.h */ = {isa = PBXFileReference; fileEncoding = 4; lastKnownFileType = sourcecode.c.h; path = "NSString+NSHash.h"; sourceTree = "<group>"; };
		D28F89771B3146F4009E61A0 /* NSString+NSHash.m */ = {isa = PBXFileReference; fileEncoding = 4; lastKnownFileType = sourcecode.c.objc; path = "NSString+NSHash.m"; sourceTree = "<group>"; };
		D28F89781B3146F4009E61A0 /* UMUUploaderManager.h */ = {isa = PBXFileReference; fileEncoding = 4; lastKnownFileType = sourcecode.c.h; path = UMUUploaderManager.h; sourceTree = "<group>"; };
		D28F89791B3146F4009E61A0 /* UMUUploaderManager.m */ = {isa = PBXFileReference; fileEncoding = 4; lastKnownFileType = sourcecode.c.objc; path = UMUUploaderManager.m; sourceTree = "<group>"; };
		D28F897A1B3146F4009E61A0 /* UMUUploaderOperation.h */ = {isa = PBXFileReference; fileEncoding = 4; lastKnownFileType = sourcecode.c.h; path = UMUUploaderOperation.h; sourceTree = "<group>"; };
		D28F897B1B3146F4009E61A0 /* UMUUploaderOperation.m */ = {isa = PBXFileReference; fileEncoding = 4; lastKnownFileType = sourcecode.c.objc; path = UMUUploaderOperation.m; sourceTree = "<group>"; };
		D28F89811B314768009E61A0 /* 1.jpeg */ = {isa = PBXFileReference; lastKnownFileType = image.jpeg; path = 1.jpeg; sourceTree = "<group>"; };
		D29ACD3E1B22E5C500C4266E /* Test.app */ = {isa = PBXFileReference; explicitFileType = wrapper.application; includeInIndex = 0; path = Test.app; sourceTree = BUILT_PRODUCTS_DIR; };
		D29ACD421B22E5C500C4266E /* Info.plist */ = {isa = PBXFileReference; lastKnownFileType = text.plist.xml; path = Info.plist; sourceTree = "<group>"; };
		D29ACD431B22E5C500C4266E /* main.m */ = {isa = PBXFileReference; lastKnownFileType = sourcecode.c.objc; path = main.m; sourceTree = "<group>"; };
		D29ACD451B22E5C500C4266E /* AppDelegate.h */ = {isa = PBXFileReference; lastKnownFileType = sourcecode.c.h; path = AppDelegate.h; sourceTree = "<group>"; };
		D29ACD461B22E5C500C4266E /* AppDelegate.m */ = {isa = PBXFileReference; lastKnownFileType = sourcecode.c.objc; path = AppDelegate.m; sourceTree = "<group>"; };
		D29ACD481B22E5C500C4266E /* ViewController.h */ = {isa = PBXFileReference; lastKnownFileType = sourcecode.c.h; path = ViewController.h; sourceTree = "<group>"; };
		D29ACD491B22E5C500C4266E /* ViewController.m */ = {isa = PBXFileReference; lastKnownFileType = sourcecode.c.objc; path = ViewController.m; sourceTree = "<group>"; };
		D29ACD4C1B22E5C500C4266E /* Base */ = {isa = PBXFileReference; lastKnownFileType = file.storyboard; name = Base; path = Base.lproj/Main.storyboard; sourceTree = "<group>"; };
		D29ACD4E1B22E5C500C4266E /* Images.xcassets */ = {isa = PBXFileReference; lastKnownFileType = folder.assetcatalog; path = Images.xcassets; sourceTree = "<group>"; };
		D29ACD511B22E5C500C4266E /* Base */ = {isa = PBXFileReference; lastKnownFileType = file.xib; name = Base; path = Base.lproj/LaunchScreen.xib; sourceTree = "<group>"; };
		D29ACD571B22E5C500C4266E /* TestTests.xctest */ = {isa = PBXFileReference; explicitFileType = wrapper.cfbundle; includeInIndex = 0; path = TestTests.xctest; sourceTree = BUILT_PRODUCTS_DIR; };
		D29ACD5C1B22E5C500C4266E /* Info.plist */ = {isa = PBXFileReference; lastKnownFileType = text.plist.xml; path = Info.plist; sourceTree = "<group>"; };
		D29ACD5D1B22E5C500C4266E /* TestTests.m */ = {isa = PBXFileReference; lastKnownFileType = sourcecode.c.objc; path = TestTests.m; sourceTree = "<group>"; };
		D29ACD671B22E5DA00C4266E /* TestViewController.h */ = {isa = PBXFileReference; lastKnownFileType = sourcecode.c.h; path = TestViewController.h; sourceTree = "<group>"; };
		D29ACD681B22E5E900C4266E /* TestViewController.m */ = {isa = PBXFileReference; fileEncoding = 4; lastKnownFileType = sourcecode.c.objc; path = TestViewController.m; sourceTree = "<group>"; };
		D2AB8F731B4244140075A61D /* parenting_content_table.xml */ = {isa = PBXFileReference; fileEncoding = 4; lastKnownFileType = text.xml; path = parenting_content_table.xml; sourceTree = "<group>"; };
/* End PBXFileReference section */

/* Begin PBXFrameworksBuildPhase section */
		D29ACD3B1B22E5C500C4266E /* Frameworks */ = {
			isa = PBXFrameworksBuildPhase;
			buildActionMask = 2147483647;
			files = (
			);
			runOnlyForDeploymentPostprocessing = 0;
		};
		D29ACD541B22E5C500C4266E /* Frameworks */ = {
			isa = PBXFrameworksBuildPhase;
			buildActionMask = 2147483647;
			files = (
			);
			runOnlyForDeploymentPostprocessing = 0;
		};
/* End PBXFrameworksBuildPhase section */

/* Begin PBXGroup section */
		D283772E1B44047100CE3F71 /* HZPhotoBrowser */ = {
			isa = PBXGroup;
			children = (
				D283772F1B44047100CE3F71 /* HZIndicatorView.h */,
				D28377301B44047100CE3F71 /* HZIndicatorView.m */,
				D28377311B44047100CE3F71 /* HZPhotoBrowser.h */,
				D28377321B44047100CE3F71 /* HZPhotoBrowser.m */,
				D28377331B44047100CE3F71 /* HZPhotoBrowserConfig.h */,
				D28377341B44047100CE3F71 /* HZPhotoBrowserView.h */,
				D28377351B44047100CE3F71 /* HZPhotoBrowserView.m */,
				D28377361B44047100CE3F71 /* whiteplaceholder.png */,
			);
			path = HZPhotoBrowser;
			sourceTree = "<group>";
		};
		D283776D1B440DD700CE3F71 /* SDWebImage */ = {
			isa = PBXGroup;
			children = (
				D283776E1B440DD700CE3F71 /* MKAnnotationView+WebCache.h */,
				D283776F1B440DD700CE3F71 /* MKAnnotationView+WebCache.m */,
				D28377701B440DD700CE3F71 /* NSData+ImageContentType.h */,
				D28377711B440DD700CE3F71 /* NSData+ImageContentType.m */,
				D28377721B440DD700CE3F71 /* SDImageCache.h */,
				D28377731B440DD700CE3F71 /* SDImageCache.m */,
				D28377741B440DD700CE3F71 /* SDWebImageCompat.h */,
				D28377751B440DD700CE3F71 /* SDWebImageCompat.m */,
				D28377761B440DD700CE3F71 /* SDWebImageDecoder.h */,
				D28377771B440DD700CE3F71 /* SDWebImageDecoder.m */,
				D28377781B440DD700CE3F71 /* SDWebImageDownloader.h */,
				D28377791B440DD700CE3F71 /* SDWebImageDownloader.m */,
				D283777A1B440DD700CE3F71 /* SDWebImageDownloaderOperation.h */,
				D283777B1B440DD700CE3F71 /* SDWebImageDownloaderOperation.m */,
				D283777C1B440DD700CE3F71 /* SDWebImageManager.h */,
				D283777D1B440DD700CE3F71 /* SDWebImageManager.m */,
				D283777E1B440DD700CE3F71 /* SDWebImageOperation.h */,
				D283777F1B440DD700CE3F71 /* SDWebImagePrefetcher.h */,
				D28377801B440DD700CE3F71 /* SDWebImagePrefetcher.m */,
				D28377811B440DD700CE3F71 /* UIButton+WebCache.h */,
				D28377821B440DD700CE3F71 /* UIButton+WebCache.m */,
				D28377831B440DD700CE3F71 /* UIImage+GIF.h */,
				D28377841B440DD700CE3F71 /* UIImage+GIF.m */,
				D28377851B440DD700CE3F71 /* UIImage+MultiFormat.h */,
				D28377861B440DD700CE3F71 /* UIImage+MultiFormat.m */,
				D28377871B440DD700CE3F71 /* UIImage+WebP.h */,
				D28377881B440DD700CE3F71 /* UIImage+WebP.m */,
				D28377891B440DD700CE3F71 /* UIImageView+HighlightedWebCache.h */,
				D283778A1B440DD700CE3F71 /* UIImageView+HighlightedWebCache.m */,
				D283778B1B440DD700CE3F71 /* UIImageView+WebCache.h */,
				D283778C1B440DD700CE3F71 /* UIImageView+WebCache.m */,
				D283778D1B440DD700CE3F71 /* UIView+WebCacheOperation.h */,
				D283778E1B440DD700CE3F71 /* UIView+WebCacheOperation.m */,
			);
			path = SDWebImage;
			sourceTree = "<group>";
		};
		D28F89541B3146E4009E61A0 /* AFNetworking */ = {
			isa = PBXGroup;
			children = (
				D28F89551B3146E4009E61A0 /* AFHTTPClient.h */,
				D28F89561B3146E4009E61A0 /* AFHTTPClient.m */,
				D28F89571B3146E4009E61A0 /* AFHTTPRequestOperation.h */,
				D28F89581B3146E4009E61A0 /* AFHTTPRequestOperation.m */,
				D28F89591B3146E4009E61A0 /* AFImageRequestOperation.h */,
				D28F895A1B3146E4009E61A0 /* AFImageRequestOperation.m */,
				D28F895B1B3146E4009E61A0 /* AFJSONRequestOperation.h */,
				D28F895C1B3146E4009E61A0 /* AFJSONRequestOperation.m */,
				D28F895D1B3146E4009E61A0 /* AFNetworkActivityIndicatorManager.h */,
				D28F895E1B3146E4009E61A0 /* AFNetworkActivityIndicatorManager.m */,
				D28F895F1B3146E4009E61A0 /* AFNetworking.h */,
				D28F89601B3146E4009E61A0 /* AFPropertyListRequestOperation.h */,
				D28F89611B3146E4009E61A0 /* AFPropertyListRequestOperation.m */,
				D28F89621B3146E4009E61A0 /* AFURLConnectionOperation.h */,
				D28F89631B3146E4009E61A0 /* AFURLConnectionOperation.m */,
				D28F89641B3146E4009E61A0 /* AFXMLRequestOperation.h */,
				D28F89651B3146E4009E61A0 /* AFXMLRequestOperation.m */,
				D28F89661B3146E4009E61A0 /* UIImageView+AFNetworking.h */,
				D28F89671B3146E4009E61A0 /* UIImageView+AFNetworking.m */,
			);
			path = AFNetworking;
			sourceTree = "<group>";
		};
		D28F89711B3146F4009E61A0 /* Classes */ = {
			isa = PBXGroup;
			children = (
				D28F89721B3146F4009E61A0 /* NSData+MD5Digest.h */,
				D28F89731B3146F4009E61A0 /* NSData+MD5Digest.m */,
				D28F89741B3146F4009E61A0 /* NSString+Base64Encode.h */,
				D28F89751B3146F4009E61A0 /* NSString+Base64Encode.m */,
				D28F89761B3146F4009E61A0 /* NSString+NSHash.h */,
				D28F89771B3146F4009E61A0 /* NSString+NSHash.m */,
				D28F89781B3146F4009E61A0 /* UMUUploaderManager.h */,
				D28F89791B3146F4009E61A0 /* UMUUploaderManager.m */,
				D28F897A1B3146F4009E61A0 /* UMUUploaderOperation.h */,
				D28F897B1B3146F4009E61A0 /* UMUUploaderOperation.m */,
			);
			path = Classes;
			sourceTree = "<group>";
		};
		D29ACD351B22E5C500C4266E = {
			isa = PBXGroup;
			children = (
				D29ACD401B22E5C500C4266E /* Test */,
				D29ACD5A1B22E5C500C4266E /* TestTests */,
				D29ACD3F1B22E5C500C4266E /* Products */,
			);
			sourceTree = "<group>";
		};
		D29ACD3F1B22E5C500C4266E /* Products */ = {
			isa = PBXGroup;
			children = (
				D29ACD3E1B22E5C500C4266E /* Test.app */,
				D29ACD571B22E5C500C4266E /* TestTests.xctest */,
			);
			name = Products;
			sourceTree = "<group>";
		};
		D29ACD401B22E5C500C4266E /* Test */ = {
			isa = PBXGroup;
			children = (
				D2AB8F731B4244140075A61D /* parenting_content_table.xml */,
				D28F89811B314768009E61A0 /* 1.jpeg */,
				D283776D1B440DD700CE3F71 /* SDWebImage */,
				D28F89711B3146F4009E61A0 /* Classes */,
				D28F89541B3146E4009E61A0 /* AFNetworking */,
				D283772E1B44047100CE3F71 /* HZPhotoBrowser */,
				D29ACD451B22E5C500C4266E /* AppDelegate.h */,
				D29ACD461B22E5C500C4266E /* AppDelegate.m */,
				D29ACD671B22E5DA00C4266E /* TestViewController.h */,
				D29ACD681B22E5E900C4266E /* TestViewController.m */,
				D29ACD481B22E5C500C4266E /* ViewController.h */,
				D29ACD491B22E5C500C4266E /* ViewController.m */,
				D29ACD4B1B22E5C500C4266E /* Main.storyboard */,
				D29ACD4E1B22E5C500C4266E /* Images.xcassets */,
				D29ACD501B22E5C500C4266E /* LaunchScreen.xib */,
				D29ACD411B22E5C500C4266E /* Supporting Files */,
			);
			path = Test;
			sourceTree = "<group>";
		};
		D29ACD411B22E5C500C4266E /* Supporting Files */ = {
			isa = PBXGroup;
			children = (
				D29ACD421B22E5C500C4266E /* Info.plist */,
				D29ACD431B22E5C500C4266E /* main.m */,
			);
			name = "Supporting Files";
			sourceTree = "<group>";
		};
		D29ACD5A1B22E5C500C4266E /* TestTests */ = {
			isa = PBXGroup;
			children = (
				D29ACD5D1B22E5C500C4266E /* TestTests.m */,
				D29ACD5B1B22E5C500C4266E /* Supporting Files */,
			);
			path = TestTests;
			sourceTree = "<group>";
		};
		D29ACD5B1B22E5C500C4266E /* Supporting Files */ = {
			isa = PBXGroup;
			children = (
				D29ACD5C1B22E5C500C4266E /* Info.plist */,
			);
			name = "Supporting Files";
			sourceTree = "<group>";
		};
/* End PBXGroup section */

/* Begin PBXNativeTarget section */
		D29ACD3D1B22E5C500C4266E /* Test */ = {
			isa = PBXNativeTarget;
			buildConfigurationList = D29ACD611B22E5C500C4266E /* Build configuration list for PBXNativeTarget "Test" */;
			buildPhases = (
				D29ACD3A1B22E5C500C4266E /* Sources */,
				D29ACD3B1B22E5C500C4266E /* Frameworks */,
				D29ACD3C1B22E5C500C4266E /* Resources */,
			);
			buildRules = (
			);
			dependencies = (
			);
			name = Test;
			productName = Test;
			productReference = D29ACD3E1B22E5C500C4266E /* Test.app */;
			productType = "com.apple.product-type.application";
		};
		D29ACD561B22E5C500C4266E /* TestTests */ = {
			isa = PBXNativeTarget;
			buildConfigurationList = D29ACD641B22E5C500C4266E /* Build configuration list for PBXNativeTarget "TestTests" */;
			buildPhases = (
				D29ACD531B22E5C500C4266E /* Sources */,
				D29ACD541B22E5C500C4266E /* Frameworks */,
				D29ACD551B22E5C500C4266E /* Resources */,
			);
			buildRules = (
			);
			dependencies = (
				D29ACD591B22E5C500C4266E /* PBXTargetDependency */,
			);
			name = TestTests;
			productName = TestTests;
			productReference = D29ACD571B22E5C500C4266E /* TestTests.xctest */;
			productType = "com.apple.product-type.bundle.unit-test";
		};
/* End PBXNativeTarget section */

/* Begin PBXProject section */
		D29ACD361B22E5C500C4266E /* Project object */ = {
			isa = PBXProject;
			attributes = {
				LastUpgradeCheck = 0630;
				ORGANIZATIONNAME = "姚犇";
				TargetAttributes = {
					D29ACD3D1B22E5C500C4266E = {
						CreatedOnToolsVersion = 6.3.2;
					};
					D29ACD561B22E5C500C4266E = {
						CreatedOnToolsVersion = 6.3.2;
						TestTargetID = D29ACD3D1B22E5C500C4266E;
					};
				};
			};
			buildConfigurationList = D29ACD391B22E5C500C4266E /* Build configuration list for PBXProject "Test" */;
			compatibilityVersion = "Xcode 3.2";
			developmentRegion = English;
			hasScannedForEncodings = 0;
			knownRegions = (
				en,
				Base,
			);
			mainGroup = D29ACD351B22E5C500C4266E;
			productRefGroup = D29ACD3F1B22E5C500C4266E /* Products */;
			projectDirPath = "";
			projectRoot = "";
			targets = (
				D29ACD3D1B22E5C500C4266E /* Test */,
				D29ACD561B22E5C500C4266E /* TestTests */,
			);
		};
/* End PBXProject section */

/* Begin PBXResourcesBuildPhase section */
		D29ACD3C1B22E5C500C4266E /* Resources */ = {
			isa = PBXResourcesBuildPhase;
			buildActionMask = 2147483647;
			files = (
				D29ACD4D1B22E5C500C4266E /* Main.storyboard in Resources */,
				D283773A1B44047100CE3F71 /* whiteplaceholder.png in Resources */,
				D2AB8F741B4244140075A61D /* parenting_content_table.xml in Resources */,
				D29ACD521B22E5C500C4266E /* LaunchScreen.xib in Resources */,
				D29ACD4F1B22E5C500C4266E /* Images.xcassets in Resources */,
				D28F89821B314768009E61A0 /* 1.jpeg in Resources */,
			);
			runOnlyForDeploymentPostprocessing = 0;
		};
		D29ACD551B22E5C500C4266E /* Resources */ = {
			isa = PBXResourcesBuildPhase;
			buildActionMask = 2147483647;
			files = (
			);
			runOnlyForDeploymentPostprocessing = 0;
		};
/* End PBXResourcesBuildPhase section */

/* Begin PBXSourcesBuildPhase section */
		D29ACD3A1B22E5C500C4266E /* Sources */ = {
			isa = PBXSourcesBuildPhase;
			buildActionMask = 2147483647;
			files = (
				D28377931B440DD800CE3F71 /* SDWebImageDecoder.m in Sources */,
				D28377371B44047100CE3F71 /* HZIndicatorView.m in Sources */,
				D283778F1B440DD700CE3F71 /* MKAnnotationView+WebCache.m in Sources */,
				D28F896E1B3146E4009E61A0 /* AFURLConnectionOperation.m in Sources */,
				D28F89701B3146E4009E61A0 /* UIImageView+AFNetworking.m in Sources */,
				D28377381B44047100CE3F71 /* HZPhotoBrowser.m in Sources */,
				D28F896A1B3146E4009E61A0 /* AFImageRequestOperation.m in Sources */,
				D28F89691B3146E4009E61A0 /* AFHTTPRequestOperation.m in Sources */,
				D28377921B440DD800CE3F71 /* SDWebImageCompat.m in Sources */,
				D28377911B440DD800CE3F71 /* SDImageCache.m in Sources */,
				D283779A1B440DD800CE3F71 /* UIImage+MultiFormat.m in Sources */,
				D28377991B440DD800CE3F71 /* UIImage+GIF.m in Sources */,
				D28377941B440DD800CE3F71 /* SDWebImageDownloader.m in Sources */,
				D28F897E1B3146F4009E61A0 /* NSString+NSHash.m in Sources */,
				D283779D1B440DD800CE3F71 /* UIImageView+WebCache.m in Sources */,
				D28377981B440DD800CE3F71 /* UIButton+WebCache.m in Sources */,
				D28F89681B3146E4009E61A0 /* AFHTTPClient.m in Sources */,
				D28F896F1B3146E4009E61A0 /* AFXMLRequestOperation.m in Sources */,
				D29ACD4A1B22E5C500C4266E /* ViewController.m in Sources */,
				D28F897C1B3146F4009E61A0 /* NSData+MD5Digest.m in Sources */,
				D28F89801B3146F4009E61A0 /* UMUUploaderOperation.m in Sources */,
				D28377391B44047100CE3F71 /* HZPhotoBrowserView.m in Sources */,
				D28377951B440DD800CE3F71 /* SDWebImageDownloaderOperation.m in Sources */,
				D28F897F1B3146F4009E61A0 /* UMUUploaderManager.m in Sources */,
				D28F897D1B3146F4009E61A0 /* NSString+Base64Encode.m in Sources */,
				D28377971B440DD800CE3F71 /* SDWebImagePrefetcher.m in Sources */,
				D283779B1B440DD800CE3F71 /* UIImage+WebP.m in Sources */,
				D28377961B440DD800CE3F71 /* SDWebImageManager.m in Sources */,
				D28377901B440DD700CE3F71 /* NSData+ImageContentType.m in Sources */,
				D29ACD471B22E5C500C4266E /* AppDelegate.m in Sources */,
				D29ACD691B22E5E900C4266E /* TestViewController.m in Sources */,
				D28F896B1B3146E4009E61A0 /* AFJSONRequestOperation.m in Sources */,
				D29ACD441B22E5C500C4266E /* main.m in Sources */,
				D28F896D1B3146E4009E61A0 /* AFPropertyListRequestOperation.m in Sources */,
				D283779E1B440DD800CE3F71 /* UIView+WebCacheOperation.m in Sources */,
				D283779C1B440DD800CE3F71 /* UIImageView+HighlightedWebCache.m in Sources */,
				D28F896C1B3146E4009E61A0 /* AFNetworkActivityIndicatorManager.m in Sources */,
			);
			runOnlyForDeploymentPostprocessing = 0;
		};
		D29ACD531B22E5C500C4266E /* Sources */ = {
			isa = PBXSourcesBuildPhase;
			buildActionMask = 2147483647;
			files = (
				D29ACD5E1B22E5C500C4266E /* TestTests.m in Sources */,
			);
			runOnlyForDeploymentPostprocessing = 0;
		};
/* End PBXSourcesBuildPhase section */

/* Begin PBXTargetDependency section */
		D29ACD591B22E5C500C4266E /* PBXTargetDependency */ = {
			isa = PBXTargetDependency;
			target = D29ACD3D1B22E5C500C4266E /* Test */;
			targetProxy = D29ACD581B22E5C500C4266E /* PBXContainerItemProxy */;
		};
/* End PBXTargetDependency section */

/* Begin PBXVariantGroup section */
		D29ACD4B1B22E5C500C4266E /* Main.storyboard */ = {
			isa = PBXVariantGroup;
			children = (
				D29ACD4C1B22E5C500C4266E /* Base */,
			);
			name = Main.storyboard;
			sourceTree = "<group>";
		};
		D29ACD501B22E5C500C4266E /* LaunchScreen.xib */ = {
			isa = PBXVariantGroup;
			children = (
				D29ACD511B22E5C500C4266E /* Base */,
			);
			name = LaunchScreen.xib;
			sourceTree = "<group>";
		};
/* End PBXVariantGroup section */

/* Begin XCBuildConfiguration section */
		D29ACD5F1B22E5C500C4266E /* Debug */ = {
			isa = XCBuildConfiguration;
			buildSettings = {
				ALWAYS_SEARCH_USER_PATHS = NO;
				CLANG_CXX_LANGUAGE_STANDARD = "gnu++0x";
				CLANG_CXX_LIBRARY = "libc++";
				CLANG_ENABLE_MODULES = YES;
				CLANG_ENABLE_OBJC_ARC = YES;
				CLANG_WARN_BOOL_CONVERSION = YES;
				CLANG_WARN_CONSTANT_CONVERSION = YES;
				CLANG_WARN_DIRECT_OBJC_ISA_USAGE = YES_ERROR;
				CLANG_WARN_EMPTY_BODY = YES;
				CLANG_WARN_ENUM_CONVERSION = YES;
				CLANG_WARN_INT_CONVERSION = YES;
				CLANG_WARN_OBJC_ROOT_CLASS = YES_ERROR;
				CLANG_WARN_UNREACHABLE_CODE = YES;
				CLANG_WARN__DUPLICATE_METHOD_MATCH = YES;
				"CODE_SIGN_IDENTITY[sdk=iphoneos*]" = "iPhone Developer";
				COPY_PHASE_STRIP = NO;
				DEBUG_INFORMATION_FORMAT = "dwarf-with-dsym";
				ENABLE_STRICT_OBJC_MSGSEND = YES;
				GCC_C_LANGUAGE_STANDARD = gnu99;
				GCC_DYNAMIC_NO_PIC = NO;
				GCC_NO_COMMON_BLOCKS = YES;
				GCC_OPTIMIZATION_LEVEL = 0;
				GCC_PREPROCESSOR_DEFINITIONS = (
					"DEBUG=1",
					"$(inherited)",
				);
				GCC_SYMBOLS_PRIVATE_EXTERN = NO;
				GCC_WARN_64_TO_32_BIT_CONVERSION = YES;
				GCC_WARN_ABOUT_RETURN_TYPE = YES_ERROR;
				GCC_WARN_UNDECLARED_SELECTOR = YES;
				GCC_WARN_UNINITIALIZED_AUTOS = YES_AGGRESSIVE;
				GCC_WARN_UNUSED_FUNCTION = YES;
				GCC_WARN_UNUSED_VARIABLE = YES;
				IPHONEOS_DEPLOYMENT_TARGET = 8.3;
				MTL_ENABLE_DEBUG_INFO = YES;
				ONLY_ACTIVE_ARCH = YES;
				SDKROOT = iphoneos;
				TARGETED_DEVICE_FAMILY = "1,2";
			};
			name = Debug;
		};
		D29ACD601B22E5C500C4266E /* Release */ = {
			isa = XCBuildConfiguration;
			buildSettings = {
				ALWAYS_SEARCH_USER_PATHS = NO;
				CLANG_CXX_LANGUAGE_STANDARD = "gnu++0x";
				CLANG_CXX_LIBRARY = "libc++";
				CLANG_ENABLE_MODULES = YES;
				CLANG_ENABLE_OBJC_ARC = YES;
				CLANG_WARN_BOOL_CONVERSION = YES;
				CLANG_WARN_CONSTANT_CONVERSION = YES;
				CLANG_WARN_DIRECT_OBJC_ISA_USAGE = YES_ERROR;
				CLANG_WARN_EMPTY_BODY = YES;
				CLANG_WARN_ENUM_CONVERSION = YES;
				CLANG_WARN_INT_CONVERSION = YES;
				CLANG_WARN_OBJC_ROOT_CLASS = YES_ERROR;
				CLANG_WARN_UNREACHABLE_CODE = YES;
				CLANG_WARN__DUPLICATE_METHOD_MATCH = YES;
				"CODE_SIGN_IDENTITY[sdk=iphoneos*]" = "iPhone Developer";
				COPY_PHASE_STRIP = NO;
				DEBUG_INFORMATION_FORMAT = "dwarf-with-dsym";
				ENABLE_NS_ASSERTIONS = NO;
				ENABLE_STRICT_OBJC_MSGSEND = YES;
				GCC_C_LANGUAGE_STANDARD = gnu99;
				GCC_NO_COMMON_BLOCKS = YES;
				GCC_WARN_64_TO_32_BIT_CONVERSION = YES;
				GCC_WARN_ABOUT_RETURN_TYPE = YES_ERROR;
				GCC_WARN_UNDECLARED_SELECTOR = YES;
				GCC_WARN_UNINITIALIZED_AUTOS = YES_AGGRESSIVE;
				GCC_WARN_UNUSED_FUNCTION = YES;
				GCC_WARN_UNUSED_VARIABLE = YES;
				IPHONEOS_DEPLOYMENT_TARGET = 8.3;
				MTL_ENABLE_DEBUG_INFO = NO;
				SDKROOT = iphoneos;
				TARGETED_DEVICE_FAMILY = "1,2";
				VALIDATE_PRODUCT = YES;
			};
			name = Release;
		};
		D29ACD621B22E5C500C4266E /* Debug */ = {
			isa = XCBuildConfiguration;
			buildSettings = {
				ASSETCATALOG_COMPILER_APPICON_NAME = AppIcon;
				INFOPLIST_FILE = Test/Info.plist;
				LD_RUNPATH_SEARCH_PATHS = "$(inherited) @executable_path/Frameworks";
				PRODUCT_NAME = "$(TARGET_NAME)";
			};
			name = Debug;
		};
		D29ACD631B22E5C500C4266E /* Release */ = {
			isa = XCBuildConfiguration;
			buildSettings = {
				ASSETCATALOG_COMPILER_APPICON_NAME = AppIcon;
				INFOPLIST_FILE = Test/Info.plist;
				LD_RUNPATH_SEARCH_PATHS = "$(inherited) @executable_path/Frameworks";
				PRODUCT_NAME = "$(TARGET_NAME)";
			};
			name = Release;
		};
		D29ACD651B22E5C500C4266E /* Debug */ = {
			isa = XCBuildConfiguration;
			buildSettings = {
				BUNDLE_LOADER = "$(TEST_HOST)";
				FRAMEWORK_SEARCH_PATHS = (
					"$(SDKROOT)/Developer/Library/Frameworks",
					"$(inherited)",
				);
				GCC_PREPROCESSOR_DEFINITIONS = (
					"DEBUG=1",
					"$(inherited)",
				);
				INFOPLIST_FILE = TestTests/Info.plist;
				LD_RUNPATH_SEARCH_PATHS = "$(inherited) @executable_path/Frameworks @loader_path/Frameworks";
				PRODUCT_NAME = "$(TARGET_NAME)";
				TEST_HOST = "$(BUILT_PRODUCTS_DIR)/Test.app/Test";
			};
			name = Debug;
		};
		D29ACD661B22E5C500C4266E /* Release */ = {
			isa = XCBuildConfiguration;
			buildSettings = {
				BUNDLE_LOADER = "$(TEST_HOST)";
				FRAMEWORK_SEARCH_PATHS = (
					"$(SDKROOT)/Developer/Library/Frameworks",
					"$(inherited)",
				);
				INFOPLIST_FILE = TestTests/Info.plist;
				LD_RUNPATH_SEARCH_PATHS = "$(inherited) @executable_path/Frameworks @loader_path/Frameworks";
				PRODUCT_NAME = "$(TARGET_NAME)";
				TEST_HOST = "$(BUILT_PRODUCTS_DIR)/Test.app/Test";
			};
			name = Release;
		};
/* End XCBuildConfiguration section */

/* Begin XCConfigurationList section */
		D29ACD391B22E5C500C4266E /* Build configuration list for PBXProject "Test" */ = {
			isa = XCConfigurationList;
			buildConfigurations = (
				D29ACD5F1B22E5C500C4266E /* Debug */,
				D29ACD601B22E5C500C4266E /* Release */,
			);
			defaultConfigurationIsVisible = 0;
			defaultConfigurationName = Release;
		};
		D29ACD611B22E5C500C4266E /* Build configuration list for PBXNativeTarget "Test" */ = {
			isa = XCConfigurationList;
			buildConfigurations = (
				D29ACD621B22E5C500C4266E /* Debug */,
				D29ACD631B22E5C500C4266E /* Release */,
			);
			defaultConfigurationIsVisible = 0;
			defaultConfigurationName = Release;
		};
		D29ACD641B22E5C500C4266E /* Build configuration list for PBXNativeTarget "TestTests" */ = {
			isa = XCConfigurationList;
			buildConfigurations = (
				D29ACD651B22E5C500C4266E /* Debug */,
				D29ACD661B22E5C500C4266E /* Release */,
			);
			defaultConfigurationIsVisible = 0;
			defaultConfigurationName = Release;
		};
/* End XCConfigurationList section */
	};
	rootObject = D29ACD361B22E5C500C4266E /* Project object */;
}
